
Microsoft Visual Studio Solution File, Format Version 12.00
# Visual Studio Version 16
VisualStudioVersion = 16.0.30204.135
MinimumVisualStudioVersion = 10.0.40219.1
Project("{FAE04EC0-301F-11D3-BF4B-00C04F79EFBC}") = "BerrAPI", "BerrAPI\BerrAPI.csproj", "{E0917E76-2931-4D23-AC72-BB63D37CA689}"
EndProject
Global
	GlobalSection(SolutionConfigurationPlatforms) = preSolution
		Debug|Any CPU = Debug|Any CPU
		Release|Any CPU = Release|Any CPU
	EndGlobalSection
	GlobalSection(ProjectConfigurationPlatforms) = postSolution
		{E0917E76-2931-4D23-AC72-BB63D37CA689}.Debug|Any CPU.ActiveCfg = Debug|Any CPU
		{E0917E76-2931-4D23-AC72-BB63D37CA689}.Debug|Any CPU.Build.0 = Debug|Any CPU
		{E0917E76-2931-4D23-AC72-BB63D37CA689}.Release|Any CPU.ActiveCfg = Release|Any CPU
		{E0917E76-2931-4D23-AC72-BB63D37CA689}.Release|Any CPU.Build.0 = Release|Any CPU
	EndGlobalSection
	GlobalSection(SolutionProperties) = preSolution
		HideSolutionNode = FALSE
	EndGlobalSection
	GlobalSection(ExtensibilityGlobals) = postSolution
		SolutionGuid = {D748CDBE-71C2-4830-BD0B-5D73B6A3DBA7}
	EndGlobalSection
EndGlobal
